
Microsoft Visual Studio Solution File, Format Version 12.00
# Visual Studio Version 17
VisualStudioVersion = 17.1.32319.34
MinimumVisualStudioVersion = 10.0.40219.1
Project("{FAE04EC0-301F-11D3-BF4B-00C04F79EFBC}") = "back-end", "back-end\back-end.csproj", "{AC1AB5F6-CD65-444A-8551-ADE54EFA8EBA}"
EndProject
Global
	GlobalSection(SolutionConfigurationPlatforms) = preSolution
		Debug|Any CPU = Debug|Any CPU
		Release|Any CPU = Release|Any CPU
	EndGlobalSection
	GlobalSection(ProjectConfigurationPlatforms) = postSolution
		{AC1AB5F6-CD65-444A-8551-ADE54EFA8EBA}.Debug|Any CPU.ActiveCfg = Debug|Any CPU
		{AC1AB5F6-CD65-444A-8551-ADE54EFA8EBA}.Debug|Any CPU.Build.0 = Debug|Any CPU
		{AC1AB5F6-CD65-444A-8551-ADE54EFA8EBA}.Release|Any CPU.ActiveCfg = Release|Any CPU
		{AC1AB5F6-CD65-444A-8551-ADE54EFA8EBA}.Release|Any CPU.Build.0 = Release|Any CPU
	EndGlobalSection
	GlobalSection(SolutionProperties) = preSolution
		HideSolutionNode = FALSE
	EndGlobalSection
	GlobalSection(ExtensibilityGlobals) = postSolution
		SolutionGuid = {3A21E740-5AF9-4A86-9F4A-AA02811BED5F}
	EndGlobalSection
EndGlobal
